
Microsoft Visual Studio Solution File, Format Version 12.00
# Visual Studio Version 16
VisualStudioVersion = 16.0.29911.84
MinimumVisualStudioVersion = 10.0.40219.1
Project("{8BC9CEB8-8B4A-11D0-8D11-00A0C91BC942}") = "7-2 藏头诗", "7-2 藏头诗.vcxproj", "{D23F831C-C14F-4592-9356-7F4AD12EA271}"
EndProject
Global
	GlobalSection(SolutionConfigurationPlatforms) = preSolution
		Debug|x64 = Debug|x64
		Debug|x86 = Debug|x86
		Release|x64 = Release|x64
		Release|x86 = Release|x86
	EndGlobalSection
	GlobalSection(ProjectConfigurationPlatforms) = postSolution
		{D23F831C-C14F-4592-9356-7F4AD12EA271}.Debug|x64.ActiveCfg = Debug|x64
		{D23F831C-C14F-4592-9356-7F4AD12EA271}.Debug|x64.Build.0 = Debug|x64
		{D23F831C-C14F-4592-9356-7F4AD12EA271}.Debug|x86.ActiveCfg = Debug|Win32
		{D23F831C-C14F-4592-9356-7F4AD12EA271}.Debug|x86.Build.0 = Debug|Win32
		{D23F831C-C14F-4592-9356-7F4AD12EA271}.Release|x64.ActiveCfg = Release|x64
		{D23F831C-C14F-4592-9356-7F4AD12EA271}.Release|x64.Build.0 = Release|x64
		{D23F831C-C14F-4592-9356-7F4AD12EA271}.Release|x86.ActiveCfg = Release|Win32
		{D23F831C-C14F-4592-9356-7F4AD12EA271}.Release|x86.Build.0 = Release|Win32
	EndGlobalSection
	GlobalSection(SolutionProperties) = preSolution
		HideSolutionNode = FALSE
	EndGlobalSection
	GlobalSection(ExtensibilityGlobals) = postSolution
		SolutionGuid = {79C00023-0E37-4060-BFDE-5A10299B75CC}
	EndGlobalSection
EndGlobal
