
Microsoft Visual Studio Solution File, Format Version 12.00
# Visual Studio Version 16
VisualStudioVersion = 16.0.29728.190
MinimumVisualStudioVersion = 10.0.40219.1
Project("{8BC9CEB8-8B4A-11D0-8D11-00A0C91BC942}") = "6-4 指定位置输出字符串", "6-4 指定位置输出字符串.vcxproj", "{DF45F705-A7A6-4D05-AF77-321E28EACC47}"
EndProject
Global
	GlobalSection(SolutionConfigurationPlatforms) = preSolution
		Debug|x64 = Debug|x64
		Debug|x86 = Debug|x86
		Release|x64 = Release|x64
		Release|x86 = Release|x86
	EndGlobalSection
	GlobalSection(ProjectConfigurationPlatforms) = postSolution
		{DF45F705-A7A6-4D05-AF77-321E28EACC47}.Debug|x64.ActiveCfg = Debug|x64
		{DF45F705-A7A6-4D05-AF77-321E28EACC47}.Debug|x64.Build.0 = Debug|x64
		{DF45F705-A7A6-4D05-AF77-321E28EACC47}.Debug|x86.ActiveCfg = Debug|Win32
		{DF45F705-A7A6-4D05-AF77-321E28EACC47}.Debug|x86.Build.0 = Debug|Win32
		{DF45F705-A7A6-4D05-AF77-321E28EACC47}.Release|x64.ActiveCfg = Release|x64
		{DF45F705-A7A6-4D05-AF77-321E28EACC47}.Release|x64.Build.0 = Release|x64
		{DF45F705-A7A6-4D05-AF77-321E28EACC47}.Release|x86.ActiveCfg = Release|Win32
		{DF45F705-A7A6-4D05-AF77-321E28EACC47}.Release|x86.Build.0 = Release|Win32
	EndGlobalSection
	GlobalSection(SolutionProperties) = preSolution
		HideSolutionNode = FALSE
	EndGlobalSection
	GlobalSection(ExtensibilityGlobals) = postSolution
		SolutionGuid = {BE528231-6B8C-43C3-B26B-21D8DBFE6A6B}
	EndGlobalSection
EndGlobal
